{
  "name": "koyeb-broker-final",
  "version": "1.0.0",
  "lockfileVersion": 3,
  "requires": true,
  "packages": {
    "": {
      "name": "koyeb-broker-final",
      "version": "1.0.0",
      "dependencies": {
        "express": "^4.18.2",
        "ws": "^8.13.0"
      },
      "engines": {
        "node": "18.x"
      }
    },
    "node_modules/accepts": {
      "version": "1.3.8",
      "resolved": "https://registry.npmjs.org/accepts/-/accepts-1.3.8.tgz",
      "integrity": "sha512-PYAthTa2m2sp+sA9CYPKshQCevMLc57rR5YjhLzarkcWAifKj4tzUAMWudVE3coOCemABAxWrdJ6dsNerfnQcw==",
      "dependencies": {
        "mime-types": "~2.1.34",
        "negotiator": "0.6.3"
      },
      "engines": {
        "node": ">= 0.6"
      }
    },
    "node_modules/array-flatten": {
      "version": "1.1.1",
      "resolved": "https://registry.npmjs.org/array-flatten/-/array-flatten-1.1.1.tgz",
      "integrity": "sha512-PCVAQswWemu6UdxsDFFX/+gVeYqKA8kzDgeTb0gn/e3pMLgqgTzzji6z3g4RJGAaxZgNsztMfKqyNEeT1Ihs9w=="
    },
    "node_modules/body-parser": {
      "version": "1.20.1",
      "resolved": "https://registry.npmjs.org/body-parser/-/body-parser-1.20.1.tgz",
      "integrity": "sha512-jWi7abTbYal4cfA25QWTr2ChTgc_p1k2ct3KFv2v2uFGt2pS47/r8Z9X3Wq55ztpU9OK79fdq5fA72s6sIWy4A==",
      "dependencies": {
        "bytes": "3.1.2",
        "content-type": "~1.0.4",
        "debug": "2.6.9",
        "depd": "~2.0.0",
        "http-errors": "~2.0.0",
        "iconv-lite": "0.4.24",
        "on-finished": "~2.4.1",
        "qs": "6.11.0",
        "raw-body": "2.5.1",
        "type-is": "~1.6.18"
      },
      "engines": {
        "node": ">= 0.8",
        "npm": "1.2.8000 || >= 1.4.16"
      }
    },
    "node_modules/bytes": {
      "version": "3.1.2",
      "resolved": "https://registry.npmjs.org/bytes/-/bytes-3.1.2.tgz",
      "integrity": "sha512-9JCRkx1Ahk6+P3ZkflW3IeJm5nAbnL2W_A4i4wH4i3vQ+P5iH+x2tS2+soiA4Toge0p_g_lP3Tctja1S_w==",
      "engines": {
        "node": ">= 0.8"
      }
    },
    "node_modules/content-disposition": {
      "version": "0.5.4",
      "resolved": "https://registry.npmjs.org/content-disposition/-/content-disposition-0.5.4.tgz",
      "integrity": "sha512-FveZTNuGwV+KyTcTCsBxZu7VbHrUSPHYuZ/I0oH+kcx8IYdVBrJvGYHN/LWAEwSpS9olhe+OKlvb3oFn9Ai3eA==",
      "dependencies": {
        "safe-buffer": "5.2.1"
      },
      "engines": {
        "node": ">= 0.6"
      }
    },
    "node_modules/content-type": {
      "version": "1.0.5",
      "resolved": "https://registry.npmjs.org/content-type/-/content-type-1.0.5.tgz",
      "integrity": "sha512-nTjqfcBFEipKdXCv4YDQWCfmcwZMYhM40bVua/Nws3TfSjEPPaIFMnaBOYPurK5NLA+HeIzmsmoTjVNBm2fpdw==",
      "engines": {
        "node": ">= 0.6"
      }
    },
    "node_modules/cookie": {
      "version": "0.5.0",
      "resolved": "https://registry.npmjs.org/cookie/-/cookie-0.5.0.tgz",
      "integrity": "sha512-YZ3GUyn/o8gfsvs2BNUeLy மாவட்டங்களில் વહીવટકર્તા BrP99s2SM3gp2s2RdqQrvI2p89G6B3vrS4//l2lKPMiH/keyLpI82OOahMRsHDprPOLElA+YmRH38QiD/eJQA==",
      "engines": {
        "node": ">= 0.6"
      }
    },
    "node_modules/cookie-signature": {
      "version": "1.0.6",
      "resolved": "https://registry.npmjs.org/cookie-signature/-/cookie-signature-1.0.6.tgz",
      "integrity": "sha512-Qh1HcqPen14Ssoc2suifk3FFM24n05AG3sTAi4/0t3Agp9p/y/23IY3IqH3EZv6/1bL/6aYQya2Ea2mBvA2B7g=="
    },
    "node_modules/debug": {
      "version": "2.6.9",
      "resolved": "https://registry.npmjs.org/debug/-/debug-2.6.9.tgz",
      "integrity": "sha512-bC7ElrdJaJnPbAP+1E4jJb9kfaNP6mt4IFJJTbrDbXMWI/d0I4hdA9seAb+eDoP2/VsJCFfOpuIT+LSddXWD/A==",
      "dependencies": {
        "ms": "2.0.0"
      }
    },
    "node_modules/debug/node_modules/ms": {
      "version": "2.0.0",
      "resolved": "https://registry.npmjs.org/ms/-/ms-2.0.0.tgz",
      "integrity": "sha512-Tpp60P6IUJDTuOq/5Z8cdskzJdnhlTk/KTCJCPfqWHzEgRenDpPveOuidDULzuboH_g3REO3HjMnCoIb/Kft0w=="
    },
    "node_modules/depd": {
      "version": "2.0.0",
      "resolved": "https://registry.npmjs.org/depd/-/depd-2.0.0.tgz",
      "integrity": "sha512-g7nH6P6dyDioJogAAGprGpCtVImJhpPk/c7Obmt1ryhO/JoRFcraubPnDxvhgnbxRgjXx6oSf5ODO6Ao+gNMmQ==",
      "engines": {
        "node": ">= 0.8"
      }
    },
    "node_modules/destroy": {
      "version": "1.2.0",
      "resolved": "https://registry.npmjs.org/destroy/-/destroy-1.2.0.tgz",
      "integrity": "sha512-2sJGJTwJb4hrPVRb3KVSB+fHKE5C4S2f3N9wS42nso6wSXP9hg24ZJPaU84aGn4N2k/n2S78oO14Fm6ddn2QBA==",
      "engines": {
        "node": ">= 0.8",
        "npm": "1.2.8000 || >= 1.4.16"
      }
    },
    "node_modules/ee-first": {
      "version": "1.1.1",
      "resolved": "https://registry.npmjs.org/ee-first/-/ee-first-1.1.1.tgz",
      "integrity": "sha512-M1ml4/24hKG1/l0xZfEkKEODDEFhWqW9+i4ItkIXBrfGah+L3dJbJrumR+xBvWFaJoB8PAnIaw+jD42qIYl9Rw=="
    },
    "node_modules/encodeurl": {
      "version": "1.0.2",
      "resolved": "https://registry.npmjs.org/encodeurl/-/encodeurl-1.0.2.tgz",
      "integrity": "sha512-TPb66/Y1EN2k1GV3a+8lpPAOMGk029/bB1e2q3sN23/ECr52e+B2w7Z2y12b/s2otT+H2WUr1u0W+kxL2ewpUA==",
      "engines": {
        "node": ">= 0.8"
      }
    },
    "node_modules/escape-html": {
      "version": "1.0.3",
      "resolved": "https://registry.npmjs.org/escape-html/-/escape-html-1.0.3.tgz",
      "integrity": "sha512-NiSupZ4OeuGwr68lGIeym/ksIZMJodUGOS2IWHU_3qsU2tjMdC4m_eQZhb4rdTDNbBA2Wno1Rr/1aVsJoV2wBg=="
    },
    "node_modules/etag": {
      "version": "1.8.1",
      "resolved": "https://registry.npmjs.org/etag/-/etag-1.8.1.tgz",
      "integrity": "sha512-aI+a44W9rdtD7rvX6h2eL9h2q2gBv2LdaFWbX91/T9op2VJGf2s4L1C25T4y2Bdc9BYNYD2C+7JwLNg2wSnB6g==",
      "engines": {
        "node": ">= 0.6"
      }
    },
    "node_modules/express": {
      "version": "4.18.2",
      "resolved": "https://registry.npmjs.org/express/-/express-4.18.2.tgz",
      "integrity": "sha512-5/PsL6iTRr2WhNOA2GTNCCiGGPAoB2aC8qmkfJ/KghCtkzfDW7/lB3Aw5JJEztpT4iAFVeZIiRVAbF/bhdES8g==",
      "dependencies": {
        "accepts": "~1.3.8",
        "array-flatten": "1.1.1",
        "body-parser": "1.20.1",
        "content-disposition": "0.5.4",
        "content-type": "~1.0.4",
        "cookie": "0.5.0",
        "cookie-signature": "1.0.6",
        "debug": "2.6.9",
        "depd": "~2.0.0",
        "encodeurl": "~1.0.2",
        "escape-html": "~1.0.3",
        "etag": "~1.8.1",
        "finalhandler": "1.2.0",
        "fresh": "0.5.2",
        "merge-descriptors": "1.0.1",
        "methods": "~1.1.2",
        "on-finished": "~2.4.1",
        "parseurl": "~1.3.3",
        "path-to-regexp": "0.1.7",
        "proxy-addr": "~2.0.7",
        "qs": "6.11.0",
        "range-parser": "~1.2.1",
        "safe-buffer": "5.2.1",
        "send": "0.18.0",
        "serve-static": "1.15.0",
        "setprototypeof": "1.2.0",
        "statuses": "~2.0.1",
        "type-is": "~1.6.18",
        "utils-merge": "1.0.1",
        "vary": "~1.1.2"
      },
      "engines": {
        "node": ">= 0.10.0"
      }
    },
    "node_modules/finalhandler": {
      "version": "1.2.0",
      "resolved": "https://registry.npmjs.org/finalhandler/-/finalhandler-1.2.0.tgz",
      "integrity": "sha512-5uXcUVftlQjbYKba6M4ivZVgnGNqGbeZ1eY9yL8stRaKL+y6xBXMpbFasHszUTe6zzB9qxvBbnLgEDBIua8w/w==",
      "dependencies": {
        "debug": "2.6.9",
        "encodeurl": "~1.0.2",
        "escape-html": "~1.0.3",
        "on-finished": "~2.4.1",
        "parseurl": "~1.3.3",
        "statuses": "~2.0.1",
        "unpipe": "~1.0.0"
      },
      "engines": {
        "node": ">= 0.8"
      }
    },
    "node_modules/forwarded": {
      "version": "0.2.0",
      "resolved": "https://registry.npmjs.org/forwarded/-/forwarded-0.2.0.tgz",
      "integrity": "sha512-buDTmCdS/AWCec28FR2Bfn6TsIbyVu40pST9G3sU2T//GN+LpHsFFqVR9Sme1HNKBLdK2eEcfD2XyWzdWF+AlQ==",
      "engines": {
        "node": ">= 0.6"
      }
    },
    "node_modules/fresh": {
      "version": "0.5.2",
      "resolved": "https://registry.npmjs.org/fresh/-/fresh-0.5.2.tgz",
      "integrity": "sha512-zJ2mQYM18rEFOcspLRpk8P_16qBCqUiTeDqE_bNU23Kzrw+9f2so8holMcE+1GYDk29G3mAEr4nUpLyEgUSL0w==",
      "engines": {
        "node": ">= 0.6"
      }
    },
    "node_modules/http-errors": {
      "version": "2.0.0",
      "resolved": "https://registry.npmjs.org/http-errors/-/http-errors-2.0.0.tgz",
      "integrity": "sha512-FtwrG/euBzaEjYeNbOghpPESbWyjUqH+B73bAC4SdT2aF2es_ikM43ft/K1I9LIrMYX3tVjAs098oK6azaLEOA==",
      "dependencies": {
        "depd": "~2.0.0",
        "inherits": "2.0.4",
        "setprototypeof": "1.2.0",
        "statuses": "2.0.1",
        "toidentifier": "1.0.1"
      },
      "engines": {
        "node": ">= 0.8"
      }
    },
    "node_modules/iconv-lite": {
      "version": "0.4.24",
      "resolved": "https://registry.npmjs.org/iconv-lite/-/iconv-lite-0.4.24.tgz",
      "integrity": "sha512-v3MXnZAcvnywkADNutNuspEfl5gotSo+skcsBhACs07nJSyadEk7funMyDDSadQcrNzPwe1vMK2FOa882wKZgg==",
      "dependencies": {
        "safer-buffer": ">= 2.1.2 < 3"
      },
      "engines": {
        "node": ">=0.10.0"
      }
    },
    "node_modules/inherits": {
      "version": "2.0.4",
      "resolved": "https://registry.npmjs.org/inherits/-/inherits-2.0.4.tgz",
      "integrity": "sha512-k/vGaX4/Yla3Wb6Fnm5PvzrwxElYHMBiHY5RpiiSnFiDbBtriEwobPhCErSFO7L7iMOh5/CREUrjrytuFNpbKw=="
    },
    "node_modules/ipaddr.js": {
      "version": "1.9.1",
      "resolved": "https://registry.npmjs.org/ipaddr.js/-/ipaddr.js-1.9.1.tgz",
      "integrity": "sha512-0KI/607xoxSToH7GjN1FfSbLoU0+btTicjsQSWQveFAanUoTCVobhrKApcMAQso2IIPpixx/hXKvKsqFnaErwg==",
      "engines": {
        "node": ">= 0.10"
      }
    },
    "node_modules/media-typer": {
      "version": "0.3.0",
      "resolved": "https://registry.npmjs.org/media-typer/-/media-typer-0.3.0.tgz",
      "integrity": "sha512-dq+qelQ9akHpcOl/g0MImNuUF1JuOKomCVltP6uBGFPUTsWRyid Adu5zD3ENz4I6Hu5V1L4Oa jPmkIFW1XPjA==",
      "engines": {
        "node": ">= 0.6"
      }
    },
    "node_modules/merge-descriptors": {
      "version": "1.0.1",
      "resolved": "https://registry.npmjs.org/merge-descriptors/-/merge-descriptors-1.0.1.tgz",
      "integrity": "sha512-cCi6g3/Zr1iqQi6ySbseM1Xvooa98N0w31jzJSbYXJVR3pf5GeKRVf8LP+H4eL71BYzTOnCsSza+ அடுக்குமாடி குடியிருப்புகள்**"
    },
    "node_modules/methods": {
      "version": "1.1.2",
      "resolved": "https://registry.npmjs.org/methods/-/methods-1.1.2.tgz",
      "integrity": "sha512-iclAHeNqNm6jF32J+1LJG09iP+dw3oT9HkK5vHM+eKDUYsyhMNvH0/DR2w8xN05d42cgs1Yj/2HIZILg+7qQ9w==",
      "engines": {
        "node": ">= 0.6"
      }
    },
    "node_modules/mime": {
      "version": "1.6.0",
      "resolved": "https://registry.npmjs.org/mime/-/mime-1.6.0.tgz",
      "integrity": "sha512-x0Vn8spI+wuJ1O6S7gnbaQg8Pxh4NNHb7MuxyITlFPMMguqenEgnrHdkGMVilXzoM3JosABeUIfz40gWApPFEw==",
      "engines": {
        "node": ">=4"
      }
    },
    "node_modules/mime-db": {
      "version": "1.52.0",
      "resolved": "https://registry.npmjs.org/mime-db/-/mime-db-1.52.0.tgz",
      "integrity": "sha512-sPU4uV7dYlvtWd4iVdeW+KgiRus5soBwIGzaWdvrZwMVryK6CRDULGll50D7DrVE+bCUmxsrn/1hmmhsJqXhrQ==",
      "engines": {
        "node": ">= 0.6"
      }
    },
    "node_modules/mime-types": {
      "version": "2.1.35",
      "resolved": "https://registry.npmjs.org/mime-types/-/mime-types-2.1.35.tgz",
      "integrity": "sha512-ZDY+bPm5zTTF+YpCrAU9nK0UgICYPT0QtT1NZWFv4s++TNkcg3yT_7WOCRI0MBAWjIGFYe4flIWCpFguWj7GRg==",
      "dependencies": {
        "mime-db": "1.52.0"
      },
      "engines": {
        "node": ">= 0.6"
      }
    },
    "node_modules/ms": {
      "version": "2.1.2",
      "resolved": "https://registry.npmjs.org/ms/-/ms-2.1.2.tgz",
      "integrity": "sha512-sGkPx+VjMtmA6MX27oA4FBFELFCZZ4S4XqeGOXCv68tT+jb3vk/RyaKWP0PTKyWtmLSM0b+adUTEvbs1PEAxBg=="
    },
    "node_modules/negotiator": {
      "version": "0.6.3",
      "resolved": "https://registry.npmjs.org/negotiator/-/negotiator-0.6.3.tgz",
      "integrity": "sha512-+EUsqGPLsM+j/zdChZjsnXsoK4vsBtU3asjCwaHabGbVegv3Lh/kpfmcfPI641gS/ABb6jso5rvC/cnRYES6Yw==",
      "engines": {
        "node": ">= 0.6"
      }
    },
    "node_modules/on-finished": {
      "version": "2.4.1",
      "resolved": "https://registry.npmjs.org/on-finished/-/on-finished-2.4.1.tgz",
      "integrity": "sha512-oVlzkg3ENAhCk2zdv7IJwd/QUD4z2RxRwpkcGY8psCVcCYZNq4wYnVWALHM+brtuJjePloCF5wvTNWed6ow/cg==",
      "dependencies": {
        "ee-first": "1.1.1"
      },
      "engines": {
        "node": ">= 0.8"
      }
    },
    "node_modules/parseurl": {
      "version": "1.3.3",
      "resolved": "https://registry.npmjs.org/parseurl/-/parseurl-1.3.3.tgz",
      "integrity": "sha512-CSTRviqoztconverged+z98HAA8H8+Paq3IpA4I+fS28o5fVivpHk3GgEPUQ1CRevA74eUPolIF+bOMvcfAsM7pgg==",
      "engines": {
        "node": ">= 0.8"
      }
    },
    "node_modules/path-to-regexp": {
      "version": "0.1.7",
      "resolved": "https://registry.npmjs.org/path-to-regexp/-/path-to-regexp-0.1.7.tgz",
      "integrity": "sha512-5DF6eABi3oE3I9AUbB/G3soz2hyb6i/PSem9yIYfBfcrIeOKmlmUTz+B68mZ1g8G/G4Yx11gJWAw+LgAZ5WjYQ=="
    },
    "node_modules/proxy-addr": {
      "version": "2.0.7",
      "resolved": "https://registry.npmjs.org/proxy-addr/-/proxy-addr-2.0.7.tgz",
      "integrity": "sha512-llQsMLSUDUPT44jdrUa3LswzZAfdWIaf6DkILdFeH3mAKisJv1S2no9dEH6dohIA90FjZaxuWyIwxKKO6lB/KA==",
      "dependencies": {
        "forwarded": "0.2.0",
        "ipaddr.js": "1.9.1"
      },
      "engines": {
        "node": ">= 0.10"
      }
    },
    "node_modules/qs": {
      "version": "6.11.0",
      "resolved": "https://registry.npmjs.org/qs/-/qs-6.11.0.tgz",
      "integrity": "sha512-MvjoMCJwEarSbUYk5O+nmoSzCrdCKoA_HThBhPyheHrjYwStXu1ksSjwrUSBNqj2JCdDE8Mat861Yp99u/bLaA==",
      "dependencies": {
        "side-channel": "^1.0.4"
      },
      "engines": {
        "node": ">=0.6"
      },
      "funding": {
        "url": "https://github.com/sponsors/ljharb"
      }
    },
    "node_modules/range-parser": {
      "version": "1.2.1",
      "resolved": "https://registry.npmjs.org/range-parser/-/range-parser-1.2.1.tgz",
      "integrity": "sha512-Hrgsx+orqoygn9bCDbVb6/7EaYC2ZoaPZ7cvUm/zNeC9usH0IqQupESVbC1GkGYc2FcoxM0kUa48z6aCwB90kA==",
      "engines": {
        "node": ">= 0.6"
      }
    },
    "node_modules/raw-body": {
      "version": "2.5.1",
      "resolved": "https://registry.npmjs.org/raw-body/-/raw-body-2.5.1.tgz",
      "integrity": "sha512-qqJBtEyVgS0ZmPGd6tTCyHthLS3K+2sje+MasvhAkv3r9sMAUTk40ZGApEX+khRkELB3S2tA/g+mVenbAsgydg==",
      "dependencies": {
        "bytes": "3.1.2",
        "http-errors": "2.0.0",
        "iconv-lite": "0.4.24",
        "unpipe": "1.0.0"
      },
      "engines": {
        "node": ">= 0.8"
      }
    },
    "node_modules/safe-buffer": {
      "version": "5.2.1",
      "resolved": "https://registry.npmjs.org/safe-buffer/-/safe-buffer-5.2.1.tgz",
      "integrity": "sha512-rp3So07KcdmmKbGvgaNxQSJr7bGVSVk5S9Eq1F+ppbRo70+YeaDxkw5Dd8NPNEc2/q4BTb6/AFGGaab5KefIiw=="
    },
    "node_modules/safer-buffer": {
      "version": "2.1.2",
      "resolved": "https://registry.npmjs.org/safer-buffer/-/safer-buffer-2.1.2.tgz",
      "integrity": "sha512-YZo3K82SD7Riyi0E1EQPojLz7kpepnSQI9bvyGy8BYb2cnKiJS5227k9ZEy4fDBfqtaBANDQGjE5sfIbl5iE5w=="
    },
    "node_modules/send": {
      "version": "0.18.0",
      "resolved": "https://registry.npmjs.org/send/-/send-0.18.0.tgz",
      "integrity": "sha512-qqWzuFh2h69k7r9CjepvIHodKk0o4FjIWjoZZTCoE2FqR4gpaDfjic9B/T/p1g2oOLZ8vBMoY4B0+6k1XAudiA==",
      "dependencies": {
        "debug": "2.6.9",
        "depd": "~2.0.0",
        "destroy": "1.2.0",
        "encodeurl": "~1.0.2",
        "escape-html": "~1.0.3",
        "etag": "~1.8.1",
        "fresh": "0.5.2",
        "http-errors": "~2.0.0",
        "mime": "1.6.0",
        "ms": "2.1.3",
        "on-finished": "~2.4.1",
        "range-parser": "~1.2.1",
        "statuses": "~2.0.1"
      },
      "engines": {
        "node": ">= 0.8.0"
      }
    },
    "node_modules/serve-static": {
      "version": "1.15.0",
      "resolved": "https://registry.npmjs.org/serve-static/-/serve-static-1.15.0.tgz",
      "integrity": "sha512-XGuRDNjXUmpmPftM_S/214bMG4DOcR2i8ADU42pSOhfMtPyD5eAIDCbjsxKor32tGf8FPOa+6+bLF1CiN4ndyg==",
      "dependencies": {
        "encodeurl": "~1.0.2",
        "escape-html": "~1.0.3",
        "parseurl": "~1.3.3",
        "send": "0.18.0"
      },
      "engines": {
        "node": ">= 0.8.0"
      }
    },
    "node_modules/setprototypeof": {
      "version": "1.2.0",
      "resolved": "https://registry.npmjs.org/setprototypeof/-/setprototypeof-1.2.0.tgz",
      "integrity": "sha512-xZTyfupdGfC/LYUTlrldJFFa1N6GfI+Vp_2iN66mMM9TppOKbm5oDzwCDOZjbXx2OchIJzPILpZwGIm+BenLhg=="
    },
    "node_modules/side-channel": {
      "version": "1.0.4",
      "resolved": "https://registry.npmjs.org/side-channel/-/side-channel-1.0.4.tgz",
      "integrity": "sha512-q5XPytqFEgnHkGvg7/+AGLEsTe5LgNpf8uHa9fsQpyecVL2o6BL2ERJynE9EVNUj9Mh4M9AE9wi9JeCmsKdz6A==",
      "dependencies": {
        "call-bind": "^1.0.2",
        "get-intrinsic": "^1.0.2",
        "object-inspect": "^1.9.0"
      },
      "funding": {
        "url": "https://github.com/sponsors/ljharb"
      }
    },
    "node_modules/side-channel/node_modules/call-bind": {
      "version": "1.0.7",
      "resolved": "https://registry.npmjs.org/call-bind/-/call-bind-1.0.7.tgz",
      "integrity": "sha512-G3nEa1eF_wY+c7TOrH0D6wEh8kPY3r+l1Efe4I+cO33a3e6x6Jg5GZMy+32K8vGfKjIeHgtp2jG/2YJt24nrg==",
      "dependencies": {
        "function-bind": "^1.1.2",
        "get-intrinsic": "^1.2.4",
        "set-function-length": "^1.2.2"
      },
      "funding": {
        "url": "https://github.com/sponsors/ljharb"
      }
    },
    "node_modules/side-channel/node_modules/function-bind": {
      "version": "1.1.2",
      "resolved": "https://registry.npmjs.org/function-bind/-/function-bind-1.1.2.tgz",
      "integrity": "sha512-714w9DOd+92F5c8l540HjO4LaLbu7a3c7pL2w5i2f3GH8a40Jc87I9mXdLisf25vB32YmFl01HMp/h9o9H1Y3Q=="
    },
    "node_modules/side-channel/node_modules/get-intrinsic": {
      "version": "1.2.4",
      "resolved": "https://registry.npmjs.org/get-intrinsic/-/get-intrinsic-1.2.4.tgz",
      "integrity": "sha512-kdPj3AG2xlslt85i1DEFE+2YSSa4yGo/KzG5ifLpEaF+ryi6J8lT3p8wEWfLpG9ykyrIcsTXAFY5LOJNb+834Q==",
      "dependencies": {
        "function-bind": "^1.1.2",
        "has-proto": "^1.0.3",
        "has-symbols": "^1.0.3",
        "hasown": "^2.0.2"
      },
      "funding": {
        "url": "https://github.com/sponsors/ljharb"
      }
    },
    "node_modules/side-channel/node_modules/has-proto": {
      "version": "1.0.3",
      "resolved": "https://registry.npmjs.org/has-proto/-/has-proto-1.0.3.tgz",
      "integrity": "sha512-Y1iPjmfs2n3cR/v5fINZ2q4b0QvVpAdTcf1b0A40tfyP9hbWd2iE9Te9oR2JvVwLyXjIeC2Cgxg7i206dJzL4Q==",
      "dependencies": {
        "get-intrinsic": "^1.2.4"
      },
      "engines": {
        "node": ">= 0.4"
      },
      "funding": {
        "url": "https://github.com/sponsors/ljharb"
      }
    },
    "node_modules/side-channel/node_modules/has-symbols": {
      "version": "1.0.3",
      "resolved": "https://registry.npmjs.org/has-symbols/-/has-symbols-1.0.3.tgz",
      "integrity": "sha512-l3LCuF6NfjUGwW3wfbJgNlVMLwdOFdkdMd2AsM1L21mvEwAAAziTT/m1AZ0sFrSgkxHfZfkgnlAPbhmvR0hr+g==",
      "engines": {
        "node": ">= 0.4"
      },
      "funding": {
        "url": "https://github.com/sponsors/ljharb"
      }
    },
    "node_modules/side-channel/node_modules/hasown": {
      "version": "2.0.2",
      "resolved": "https://registry.npmjs.org/hasown/-/hasown-2.0.2.tgz",
      "integrity": "sha512-0hAl6u9FFhMFE+i3LwY1QsBq9l2a8gC1iS04lGg+28yU2udkUIi9tQ+2oTw2aUe2LSsA+plb2Y86jYxlHmqtYQ==",
      "dependencies": {
        "function-bind": "^1.1.2"
      },
      "funding": {
        "url": "https://github.com/sponsors/ljharb"
      }
    },
    "node_modules/side-channel/node_modules/set-function-length": {
      "version": "1.2.2",
      "resolved": "https://registry.npmjs.org/set-function-length/-/set-function-length-1.2.2.tgz",
      "integrity": "sha512-lNKIEqb34/tA3hP0U02xt8L6KxARc+3mO2w0t20u2iC2SsmDMMd5ChmJq+vDRY27n+UaP+3GmcUe0+v3eC3goA==",
      "dependencies": {
        "define-data-property": "^1.1.4",
        "get-intrinsic": "^1.2.4",
        "gopd": "^1.0.1",
        "has-property-descriptors": "^1.0.2"
      },
      "engines": {
        "node": ">= 0.4"
      }
    },
    "node_modules/statuses": {
      "version": "2.0.1",
      "resolved": "https://registry.npmjs.org/statuses/-/statuses-2.0.1.tgz",
      "integrity": "sha512-RwNA9Z/7PrKCR2i5PNRFgIundGa9JmnS/StMPSRLDXSAg3wfdRig4rI+GRaxPXbQn4JZ2kVIbQssVhymM/XOEw==",
      "engines": {
        "node": ">= 0.8"
      }
    },
    "node_modules/toidentifier": {
      "version": "1.0.1",
      "resolved": "https://registry.npmjs.org/toidentifier/-/toidentifier-1.0.1.tgz",
      "integrity": "sha512-o5sSPKEkgOgrbTwWbpPCgGyjEPAEaNoiGuS3tSERpOAi2T/ebz5aKVYSXfImoZE7qh5dccS9dJmB+v7hEX1F2g==",
      "engines": {
        "node": ">=0.6"
      }
    },
    "node_modules/type-is": {
      "version": "1.6.18",
      "resolved": "https://registry.npmjs.org/type-is/-/type-is-1.6.18.tgz",
      "integrity": "sha512-TkRKr9sUTxEH8MdfuCSP7VizJgncII5byBt9vhP/MmsRjnuTwMw8D2I2Y9ExiR2eM3js2bCaiAXe+KzRensv/w==",
      "dependencies": {
        "media-typer": "0.3.0",
        "mime-types": "~2.1.24"
      },
      "engines": {
        "node": ">= 0.6"
      }
    },
    "node_modules/unpipe": {
      "version": "1.0.0",
      "resolved": "https://registry.npmjs.org/unpipe/-/unpipe-1.0.0.tgz",
      "integrity": "sha512-pjy2bYhSsufwWlKwPc+l42BfvPqTdmsmu9MWdFcic+CHRWaGzzH8svNcvZXQUZ41doE/ZHEpS6k5HZu3sr5NoQ==",
      "engines": {
        "node": ">= 0.8"
      }
    },
    "node_modules/utils-merge": {
      "version": "1.0.1",
      "resolved": "https://registry.npmjs.org/utils-merge/-/utils-merge-1.0.1.tgz",
      "integrity": "sha512-pM3oR9dC+zOaN8zYc0x4Q2dODStSf2Yg6kGIJ8eI4BCa9k4HjYPS+i1QyZHiJgy5v/5w1xK/Y3v3h/5vS0+bA==",
      "engines": {
        "node": ">= 0.4.0"
      }
    },
    "node_modules/vary": {
      "version": "1.1.2",
      "resolved": "https://registry.npmjs.org/vary/-/vary-1.1.2.tgz",
      "integrity": "sha512-BNGbWLfdIE+I2scsUaRX4aa3/jcl15ldqU/sNqET2q7KkEvdcsc4eI40IEQ+2vT3sjtY1S+x5+Z6eW7+1270gA==",
      "engines": {
        "node": ">= 0.8"
      }
    },
    "node_modules/ws": {
      "version": "8.13.0",
      "resolved": "https://registry.npmjs.org/ws/-/ws-8.13.0.tgz",
      "integrity": "sha512-x9vcynHb1+672A2988IuzO+7y4ImSbfg2+yFyzvkyTIpjyT2Jen84T1d5tZ2y8STr/yW0bB4FDTJ/31Jd1I+1g==",
      "engines": {
        "node": ">=10.0.0"
      },
      "peerDependencies": {
        "bufferutil": "^4.0.1",
        "utf-8-validate": ">=5.0.2"
      },
      "peerDependenciesMeta": {
        "bufferutil": {
          "optional": true
        },
        "utf-8-validate": {
          "optional": true
        }
      }
    }
  }
}
